# THIS IS AN AUTOGENERATED FILE. DO NOT EDIT THIS FILE DIRECTLY.
# yarn lockfile v1


"@zoroaster/assert@^1.0.2":
  version "1.0.2"
  resolved "https://registry.yarnpkg.com/@zoroaster/assert/-/assert-1.0.2.tgz#8ffe2ebb10c81d570d4965080f942af688321a1f"
  integrity sha512-5C0LDzW8DkiSSCLyYO9ux3R5ru65yEn/GtxH1wh7ukRhLAZ/Svx4+A81YvciXcn35B2VmvCqyiTrhNdxdgusSw==

"@zoroaster/mask@^2.2.0":
  version "2.3.0"
  resolved "https://registry.yarnpkg.com/@zoroaster/mask/-/mask-2.3.0.tgz#57d169417e09e481efafccbffdd93cef919ec5e6"
  integrity sha512-fufal06pS/SYhOKHCmoFQ+PjhQwsCwMr2h0D2xeiVaXstaWHJVEiLg4+BU/KCmOOzLXLKikf81ca4zFXip7ScQ==

alamode@^3.0.0, alamode@^3.2.0:
  version "3.2.0"
  resolved "https://registry.yarnpkg.com/alamode/-/alamode-3.2.0.tgz#ee79dcf2483b5e28e9aac8cd0dfdc692aa333ca5"
  integrity sha512-jDV6kYpIf9jHJUre1OOotW8EM2Qy58S/eOks2MWhjNz2xJQdEfyzFKbcdaZowC8sk5DKxsnapf/mZNE53B3haQ==

catchment@^1.0.0:
  version "1.0.0"
  resolved "https://registry.yarnpkg.com/catchment/-/catchment-1.0.0.tgz#3061f71be0102710be84328d2f94363a165f8c4b"
  integrity sha1-MGH3G+AQJxC+hDKNL5Q2OhZfjEs=

documentary@^1.34.1:
  version "1.34.1"
  resolved "https://registry.yarnpkg.com/documentary/-/documentary-1.34.1.tgz#0b556051b9d1c28dcd52527332fab5bcffa117b9"
  integrity sha512-Gi7XJ9KQYOxObCEFq0rjmP0c7CVhlo1KTz1aw17qq4P7LGkS7YRN/5PWxPOM1a/87kWIOV/zekn5ZaoWdH9sMQ==
  dependencies:
    alamode "^3.0.0"
    preact "8.5.2"
    typal "^1.22.6"

eslint-config-artdeco@1.0.1:
  version "1.0.1"
  resolved "https://registry.yarnpkg.com/eslint-config-artdeco/-/eslint-config-artdeco-1.0.1.tgz#4451c9d0ed1ce4d33dfd43a6315f12c8bfb04274"
  integrity sha1-RFHJ0O0c5NM9/UOmMV8SyL+wQnQ=

preact@8.5.2:
  version "8.5.2"
  resolved "https://registry.yarnpkg.com/preact/-/preact-8.5.2.tgz#2f532da485287c07369e08150cf4d23921a09789"
  integrity sha512-37tlDJGq5IQKqGUbqPZ7qPtsTOWFyxe+ojAOFfzKo0dEPreenqrqgJuS83zGpeGAqD9h9L9Yr7QuxH2W4ZrKxg==

spawncommand@1.1.0:
  version "1.1.0"
  resolved "https://registry.yarnpkg.com/spawncommand/-/spawncommand-1.1.0.tgz#80a56ed3c06ab3b91643cf3f6cef38bf582fdb15"
  integrity sha1-gKVu08Bqs7kWQ88/bO84v1gv2xU=
  dependencies:
    catchment "^1.0.0"

tsickle@0.37.1:
  version "0.37.1"
  resolved "https://registry.yarnpkg.com/tsickle/-/tsickle-0.37.1.tgz#2f8a87c1b15766e866457bd06fb6c0e0d84eed09"
  integrity sha512-0GwgOJEnsmRsrONXCvcbAWY0CvdqF3UugPVoupUpA8Ul0qCPTuqqq0ou/hLqtKZOyyulzCP6MYRjb9/J1g9bJg==

typal@^1.22.6:
  version "1.22.6"
  resolved "https://registry.yarnpkg.com/typal/-/typal-1.22.6.tgz#c3162f5f19e91ad6d830375220e6552fcb4a0936"
  integrity sha512-N6tkgC/r7OXwH0/hEFNRH6S/7zPfMXJU45w78KGgy8JLbt3lAbWPd4NWUZjQt6o2id23P34KeHSmNR4ddI/zZQ==

typescript@3.7.2:
  version "3.7.2"
  resolved "https://registry.yarnpkg.com/typescript/-/typescript-3.7.2.tgz#27e489b95fa5909445e9fef5ee48d81697ad18fb"
  integrity sha512-ml7V7JfiN2Xwvcer+XAf2csGO1bPBdRbFCkYBczNZggrBZ9c7G3riSUeJmqEU5uOtXNPMhE3n+R4FA/3YOAWOQ==

yarn-s@1.1.0:
  version "1.1.0"
  resolved "https://registry.yarnpkg.com/yarn-s/-/yarn-s-1.1.0.tgz#8c65555d7c7ccb5a61e18440b8b0e4cb48b76b9d"
  integrity sha1-jGVVXXx8y1ph4YRAuLDky0i3a50=
  dependencies:
    spawncommand "1.1.0"

zoroaster@^4.1.2:
  version "4.1.2"
  resolved "https://registry.yarnpkg.com/zoroaster/-/zoroaster-4.1.2.tgz#89e033cdeebf75564713436bd7e72af926e800fb"
  integrity sha512-mE5RlV12h5bEZ4LBX0NsR5NEwNicLR6kdwXMijWD8vH+8JmbtXuC664ndzsw46lnhmn2VWlafyBi5k/MMCmftA==
  dependencies:
    "@zoroaster/assert" "^1.0.2"
    "@zoroaster/mask" "^2.2.0"
    alamode "^3.0.0"
